
Microsoft Visual Studio Solution File, Format Version 12.00
# Visual Studio Version 17
VisualStudioVersion = 17.14.36221.1 d17.14
MinimumVisualStudioVersion = 10.0.40219.1
Project("{FAE04EC0-301F-11D3-BF4B-00C04F79EFBC}") = "RopePhysicsFix", "RopePhysicsFix\RopePhysicsFix.csproj", "{57DD1D8D-8CC1-4135-8C06-2F2FC448355D}"
EndProject
Project("{FAE04EC0-301F-11D3-BF4B-00C04F79EFBC}") = "CakeBuild", "ZZCakeBuild\CakeBuild.csproj", "{90063BF2-FA13-42E4-B909-6CB90C91E00A}"
EndProject
Global
	GlobalSection(SolutionConfigurationPlatforms) = preSolution
		Debug|Any CPU = Debug|Any CPU
		Release|Any CPU = Release|Any CPU
	EndGlobalSection
	GlobalSection(ProjectConfigurationPlatforms) = postSolution
		{57DD1D8D-8CC1-4135-8C06-2F2FC448355D}.Debug|Any CPU.ActiveCfg = Debug|Any CPU
		{57DD1D8D-8CC1-4135-8C06-2F2FC448355D}.Debug|Any CPU.Build.0 = Debug|Any CPU
		{57DD1D8D-8CC1-4135-8C06-2F2FC448355D}.Release|Any CPU.ActiveCfg = Release|Any CPU
		{57DD1D8D-8CC1-4135-8C06-2F2FC448355D}.Release|Any CPU.Build.0 = Release|Any CPU
		{90063BF2-FA13-42E4-B909-6CB90C91E00A}.Debug|Any CPU.ActiveCfg = Debug|Any CPU
		{90063BF2-FA13-42E4-B909-6CB90C91E00A}.Debug|Any CPU.Build.0 = Debug|Any CPU
		{90063BF2-FA13-42E4-B909-6CB90C91E00A}.Release|Any CPU.ActiveCfg = Release|Any CPU
		{90063BF2-FA13-42E4-B909-6CB90C91E00A}.Release|Any CPU.Build.0 = Release|Any CPU
	EndGlobalSection
	GlobalSection(SolutionProperties) = preSolution
		HideSolutionNode = FALSE
	EndGlobalSection
	GlobalSection(ExtensibilityGlobals) = postSolution
		SolutionGuid = {BCAA5F4F-1EEF-40FA-BDB0-956A92FF6C0E}
	EndGlobalSection
EndGlobal
